
Microsoft Visual Studio Solution File, Format Version 12.00
# Visual Studio Version 16
VisualStudioVersion = 16.0.31313.79
MinimumVisualStudioVersion = 10.0.40219.1
Project("{FAE04EC0-301F-11D3-BF4B-00C04F79EFBC}") = "Tarea1_PrograAvanWeb", "Tarea1_PrograAvanWeb\Tarea1_PrograAvanWeb.csproj", "{4BB22385-CD43-4D00-8B86-7401BD5DA8FD}"
EndProject
Global
	GlobalSection(SolutionConfigurationPlatforms) = preSolution
		Debug|Any CPU = Debug|Any CPU
		Release|Any CPU = Release|Any CPU
	EndGlobalSection
	GlobalSection(ProjectConfigurationPlatforms) = postSolution
		{4BB22385-CD43-4D00-8B86-7401BD5DA8FD}.Debug|Any CPU.ActiveCfg = Debug|Any CPU
		{4BB22385-CD43-4D00-8B86-7401BD5DA8FD}.Debug|Any CPU.Build.0 = Debug|Any CPU
		{4BB22385-CD43-4D00-8B86-7401BD5DA8FD}.Release|Any CPU.ActiveCfg = Release|Any CPU
		{4BB22385-CD43-4D00-8B86-7401BD5DA8FD}.Release|Any CPU.Build.0 = Release|Any CPU
	EndGlobalSection
	GlobalSection(SolutionProperties) = preSolution
		HideSolutionNode = FALSE
	EndGlobalSection
	GlobalSection(ExtensibilityGlobals) = postSolution
		SolutionGuid = {6F3CE0F1-CDC2-41DA-831B-95CF7B12CDE7}
	EndGlobalSection
EndGlobal
